{
  "name": "es-furniture",
  "version": "1.0.0",
  "lockfileVersion": 1,
  "requires": true,
  "dependencies": {
    "@vant/area-data": {
      "version": "1.4.1",
      "resolved": "https://registry.npmmirror.com/@vant/area-data/-/area-data-1.4.1.tgz",
      "integrity": "sha512-D8zI/rfxREhnIKGoYzsEJZ73fte4JARhFeFftLIH7ynu1sPrCBEgPkLEbwPyvw3VC4JdSIuzaK5uOhu+BcoPXw=="
    },
    "@vant/weapp": {
      "version": "1.10.14",
      "resolved": "https://registry.npmmirror.com/@vant/weapp/-/weapp-1.10.14.tgz",
      "integrity": "sha512-5usuhoN1kiOV6pzrdVzHrAux6DupKlGd9w+yYc992Zy1n1wHLZMb1dGM3+xtbNE3tpWE2qv95vIFSMpJRFyE7Q=="
    },
    "area-data": {
      "version": "3.1.2",
      "resolved": "https://registry.npmmirror.com/area-data/-/area-data-3.1.2.tgz",
      "integrity": "sha512-9q8HtFRYn3HBsEwBSZUHvVjpLmh8E8c7cSRjo7p38iyN9JTdPDAGWHB6h9hwII04aDWyJjPRF79nC3W68xf6kw=="
    },
    "crypto-js": {
      "version": "4.1.1",
      "resolved": "https://registry.npmmirror.com/crypto-js/-/crypto-js-4.1.1.tgz",
      "integrity": "sha512-o2JlM7ydqd3Qk9CA0L4NL6mTzU2sdx96a+oOfPu8Mkl/PK51vSyoi8/rQ8NknZtk44vq15lmhAj9CIAGwgeWKw=="
    },
    "moment": {
      "version": "2.29.4",
      "resolved": "https://registry.npmmirror.com/moment/-/moment-2.29.4.tgz",
      "integrity": "sha512-5LC9SOxjSc2HF6vO2CyuTDNivEdoz2IvyJJGj6X8DJ0eFyfszE0QiEd+iXmBvUP3WHxSjFH/vIsA0EN00cgr8w=="
    },
    "wx-promise-pro": {
      "version": "3.2.4",
      "resolved": "https://registry.npmmirror.com/wx-promise-pro/-/wx-promise-pro-3.2.4.tgz",
      "integrity": "sha512-MlMutHEUzMGXwefUt7xusr4UNs6s5/52ZUVjmwe1BBLmwz+4eUDw5jIzoHqwhBBKtagMdrn7V5aHFH8vxgeNiQ=="
    }
  }
}
